{
  "name": "juegoV2",
  "lockfileVersion": 3,
  "requires": true,
  "packages": {
    "": {
      "dependencies": {
        "konva": "^9.3.16"
      }
    },
    "node_modules/konva": {
      "version": "9.3.16",
      "resolved": "https://registry.npmjs.org/konva/-/konva-9.3.16.tgz",
      "integrity": "sha512-qa47cefGDDHzkToGRGDsy24f/Njrz7EHP56jQ8mlDcjAPO7vkfTDeoBDIfmF7PZtpfzDdooafQmEUJMDU2F7FQ==",
      "funding": [
        {
          "type": "patreon",
          "url": "https://www.patreon.com/lavrton"
        },
        {
          "type": "opencollective",
          "url": "https://opencollective.com/konva"
        },
        {
          "type": "github",
          "url": "https://github.com/sponsors/lavrton"
        }
      ],
      "license": "MIT"
    }
  }
}
