{
  "name": "personaliza-boton",
  "version": "1.0.0",
  "lockfileVersion": 2,
  "requires": true,
  "packages": {
    "": {
      "name": "personaliza-boton",
      "version": "1.0.0",
      "license": "ISC",
      "dependencies": {
        "personaliza-boton": "file:"
      }
    },
    "node_modules/personaliza-boton": {
      "resolved": "",
      "link": true
    }
  },
  "dependencies": {
    "personaliza-boton": {
      "version": "file:",
      "requires": {
        "personaliza-boton": "file:"
      }
    }
  }
}
